
Microsoft Visual Studio Solution File, Format Version 12.00
# Visual Studio Version 17
VisualStudioVersion = 17.9.34723.18
MinimumVisualStudioVersion = 10.0.40219.1
Project("{8BC9CEB8-8B4A-11D0-8D11-00A0C91BC942}") = "GameC++_0", "GameC++_0\GameC++_0.vcxproj", "{28F20B18-AC8A-4235-A73C-C127123609FB}"
EndProject
Global
	GlobalSection(SolutionConfigurationPlatforms) = preSolution
		Debug|x64 = Debug|x64
		Debug|x86 = Debug|x86
		Release|x64 = Release|x64
		Release|x86 = Release|x86
	EndGlobalSection
	GlobalSection(ProjectConfigurationPlatforms) = postSolution
		{28F20B18-AC8A-4235-A73C-C127123609FB}.Debug|x64.ActiveCfg = Debug|x64
		{28F20B18-AC8A-4235-A73C-C127123609FB}.Debug|x64.Build.0 = Debug|x64
		{28F20B18-AC8A-4235-A73C-C127123609FB}.Debug|x86.ActiveCfg = Debug|Win32
		{28F20B18-AC8A-4235-A73C-C127123609FB}.Debug|x86.Build.0 = Debug|Win32
		{28F20B18-AC8A-4235-A73C-C127123609FB}.Release|x64.ActiveCfg = Release|x64
		{28F20B18-AC8A-4235-A73C-C127123609FB}.Release|x64.Build.0 = Release|x64
		{28F20B18-AC8A-4235-A73C-C127123609FB}.Release|x86.ActiveCfg = Release|Win32
		{28F20B18-AC8A-4235-A73C-C127123609FB}.Release|x86.Build.0 = Release|Win32
	EndGlobalSection
	GlobalSection(SolutionProperties) = preSolution
		HideSolutionNode = FALSE
	EndGlobalSection
	GlobalSection(ExtensibilityGlobals) = postSolution
		SolutionGuid = {8FF35B00-7D08-4C2B-8BD7-57C99F05517D}
	EndGlobalSection
EndGlobal
